
Microsoft Visual Studio Solution File, Format Version 12.00
# Visual Studio Version 17
VisualStudioVersion = 17.6.33815.320
MinimumVisualStudioVersion = 10.0.40219.1
Project("{8BC9CEB8-8B4A-11D0-8D11-00A0C91BC942}") = "Audio", "Source\Engine\Audio\Audio.vcxproj", "{B7CAA3E5-601E-4264-B97D-6A4E81322AFC}"
EndProject
Project("{8BC9CEB8-8B4A-11D0-8D11-00A0C91BC942}") = "Core", "Source\Engine\Core\Core.vcxproj", "{1B353C53-715B-444A-9D3C-08A787B4838C}"
EndProject
Project("{8BC9CEB8-8B4A-11D0-8D11-00A0C91BC942}") = "Framework", "Source\Engine\Framework\Framework.vcxproj", "{CDE6314F-B8DC-4880-8B7D-041107F6F8AA}"
EndProject
Project("{2150E333-8FDC-42A3-9474-1A3956D46DE8}") = "Engine", "Engine", "{E4D87B15-4F6C-4E04-BFEF-7CE3412F4B42}"
EndProject
Project("{2150E333-8FDC-42A3-9474-1A3956D46DE8}") = "Game", "Game", "{D4307876-3A12-4428-9987-B24397023D70}"
EndProject
Project("{8BC9CEB8-8B4A-11D0-8D11-00A0C91BC942}") = "Input", "Source\Engine\Input\Input.vcxproj", "{6CC87B35-C654-42BA-8C8F-2ECC020D0926}"
EndProject
Project("{8BC9CEB8-8B4A-11D0-8D11-00A0C91BC942}") = "Renderer", "Source\Engine\Renderer\Renderer.vcxproj", "{1C40DF35-B0EC-435C-9A42-4523173D4D03}"
EndProject
Project("{8BC9CEB8-8B4A-11D0-8D11-00A0C91BC942}") = "Game", "Source\Game\Game\Game.vcxproj", "{14DA6D5E-D443-488F-A300-1F6C2AA6F835}"
EndProject
Project("{8BC9CEB8-8B4A-11D0-8D11-00A0C91BC942}") = "Physics", "Source\Engine\Physics\Physics.vcxproj", "{6495213C-DE02-45C9-BE64-69C75313D5B6}"
EndProject
Global
	GlobalSection(SolutionConfigurationPlatforms) = preSolution
		Debug|x64 = Debug|x64
		Debug|x86 = Debug|x86
		Release|x64 = Release|x64
		Release|x86 = Release|x86
	EndGlobalSection
	GlobalSection(ProjectConfigurationPlatforms) = postSolution
		{B7CAA3E5-601E-4264-B97D-6A4E81322AFC}.Debug|x64.ActiveCfg = Debug|x64
		{B7CAA3E5-601E-4264-B97D-6A4E81322AFC}.Debug|x64.Build.0 = Debug|x64
		{B7CAA3E5-601E-4264-B97D-6A4E81322AFC}.Debug|x86.ActiveCfg = Debug|Win32
		{B7CAA3E5-601E-4264-B97D-6A4E81322AFC}.Debug|x86.Build.0 = Debug|Win32
		{B7CAA3E5-601E-4264-B97D-6A4E81322AFC}.Release|x64.ActiveCfg = Release|x64
		{B7CAA3E5-601E-4264-B97D-6A4E81322AFC}.Release|x64.Build.0 = Release|x64
		{B7CAA3E5-601E-4264-B97D-6A4E81322AFC}.Release|x86.ActiveCfg = Release|Win32
		{B7CAA3E5-601E-4264-B97D-6A4E81322AFC}.Release|x86.Build.0 = Release|Win32
		{1B353C53-715B-444A-9D3C-08A787B4838C}.Debug|x64.ActiveCfg = Debug|x64
		{1B353C53-715B-444A-9D3C-08A787B4838C}.Debug|x64.Build.0 = Debug|x64
		{1B353C53-715B-444A-9D3C-08A787B4838C}.Debug|x86.ActiveCfg = Debug|Win32
		{1B353C53-715B-444A-9D3C-08A787B4838C}.Debug|x86.Build.0 = Debug|Win32
		{1B353C53-715B-444A-9D3C-08A787B4838C}.Release|x64.ActiveCfg = Release|x64
		{1B353C53-715B-444A-9D3C-08A787B4838C}.Release|x64.Build.0 = Release|x64
		{1B353C53-715B-444A-9D3C-08A787B4838C}.Release|x86.ActiveCfg = Release|Win32
		{1B353C53-715B-444A-9D3C-08A787B4838C}.Release|x86.Build.0 = Release|Win32
		{CDE6314F-B8DC-4880-8B7D-041107F6F8AA}.Debug|x64.ActiveCfg = Debug|x64
		{CDE6314F-B8DC-4880-8B7D-041107F6F8AA}.Debug|x64.Build.0 = Debug|x64
		{CDE6314F-B8DC-4880-8B7D-041107F6F8AA}.Debug|x86.ActiveCfg = Debug|Win32
		{CDE6314F-B8DC-4880-8B7D-041107F6F8AA}.Debug|x86.Build.0 = Debug|Win32
		{CDE6314F-B8DC-4880-8B7D-041107F6F8AA}.Release|x64.ActiveCfg = Release|x64
		{CDE6314F-B8DC-4880-8B7D-041107F6F8AA}.Release|x64.Build.0 = Release|x64
		{CDE6314F-B8DC-4880-8B7D-041107F6F8AA}.Release|x86.ActiveCfg = Release|Win32
		{CDE6314F-B8DC-4880-8B7D-041107F6F8AA}.Release|x86.Build.0 = Release|Win32
		{6CC87B35-C654-42BA-8C8F-2ECC020D0926}.Debug|x64.ActiveCfg = Debug|x64
		{6CC87B35-C654-42BA-8C8F-2ECC020D0926}.Debug|x64.Build.0 = Debug|x64
		{6CC87B35-C654-42BA-8C8F-2ECC020D0926}.Debug|x86.ActiveCfg = Debug|Win32
		{6CC87B35-C654-42BA-8C8F-2ECC020D0926}.Debug|x86.Build.0 = Debug|Win32
		{6CC87B35-C654-42BA-8C8F-2ECC020D0926}.Release|x64.ActiveCfg = Release|x64
		{6CC87B35-C654-42BA-8C8F-2ECC020D0926}.Release|x64.Build.0 = Release|x64
		{6CC87B35-C654-42BA-8C8F-2ECC020D0926}.Release|x86.ActiveCfg = Release|Win32
		{6CC87B35-C654-42BA-8C8F-2ECC020D0926}.Release|x86.Build.0 = Release|Win32
		{1C40DF35-B0EC-435C-9A42-4523173D4D03}.Debug|x64.ActiveCfg = Debug|x64
		{1C40DF35-B0EC-435C-9A42-4523173D4D03}.Debug|x64.Build.0 = Debug|x64
		{1C40DF35-B0EC-435C-9A42-4523173D4D03}.Debug|x86.ActiveCfg = Debug|Win32
		{1C40DF35-B0EC-435C-9A42-4523173D4D03}.Debug|x86.Build.0 = Debug|Win32
		{1C40DF35-B0EC-435C-9A42-4523173D4D03}.Release|x64.ActiveCfg = Release|x64
		{1C40DF35-B0EC-435C-9A42-4523173D4D03}.Release|x64.Build.0 = Release|x64
		{1C40DF35-B0EC-435C-9A42-4523173D4D03}.Release|x86.ActiveCfg = Release|Win32
		{1C40DF35-B0EC-435C-9A42-4523173D4D03}.Release|x86.Build.0 = Release|Win32
		{14DA6D5E-D443-488F-A300-1F6C2AA6F835}.Debug|x64.ActiveCfg = Debug|x64
		{14DA6D5E-D443-488F-A300-1F6C2AA6F835}.Debug|x64.Build.0 = Debug|x64
		{14DA6D5E-D443-488F-A300-1F6C2AA6F835}.Debug|x86.ActiveCfg = Debug|Win32
		{14DA6D5E-D443-488F-A300-1F6C2AA6F835}.Debug|x86.Build.0 = Debug|Win32
		{14DA6D5E-D443-488F-A300-1F6C2AA6F835}.Release|x64.ActiveCfg = Release|x64
		{14DA6D5E-D443-488F-A300-1F6C2AA6F835}.Release|x64.Build.0 = Release|x64
		{14DA6D5E-D443-488F-A300-1F6C2AA6F835}.Release|x86.ActiveCfg = Release|Win32
		{14DA6D5E-D443-488F-A300-1F6C2AA6F835}.Release|x86.Build.0 = Release|Win32
		{6495213C-DE02-45C9-BE64-69C75313D5B6}.Debug|x64.ActiveCfg = Debug|x64
		{6495213C-DE02-45C9-BE64-69C75313D5B6}.Debug|x64.Build.0 = Debug|x64
		{6495213C-DE02-45C9-BE64-69C75313D5B6}.Debug|x86.ActiveCfg = Debug|Win32
		{6495213C-DE02-45C9-BE64-69C75313D5B6}.Debug|x86.Build.0 = Debug|Win32
		{6495213C-DE02-45C9-BE64-69C75313D5B6}.Release|x64.ActiveCfg = Release|x64
		{6495213C-DE02-45C9-BE64-69C75313D5B6}.Release|x64.Build.0 = Release|x64
		{6495213C-DE02-45C9-BE64-69C75313D5B6}.Release|x86.ActiveCfg = Release|Win32
		{6495213C-DE02-45C9-BE64-69C75313D5B6}.Release|x86.Build.0 = Release|Win32
	EndGlobalSection
	GlobalSection(SolutionProperties) = preSolution
		HideSolutionNode = FALSE
	EndGlobalSection
	GlobalSection(NestedProjects) = preSolution
		{B7CAA3E5-601E-4264-B97D-6A4E81322AFC} = {E4D87B15-4F6C-4E04-BFEF-7CE3412F4B42}
		{1B353C53-715B-444A-9D3C-08A787B4838C} = {E4D87B15-4F6C-4E04-BFEF-7CE3412F4B42}
		{CDE6314F-B8DC-4880-8B7D-041107F6F8AA} = {E4D87B15-4F6C-4E04-BFEF-7CE3412F4B42}
		{6CC87B35-C654-42BA-8C8F-2ECC020D0926} = {E4D87B15-4F6C-4E04-BFEF-7CE3412F4B42}
		{1C40DF35-B0EC-435C-9A42-4523173D4D03} = {E4D87B15-4F6C-4E04-BFEF-7CE3412F4B42}
		{14DA6D5E-D443-488F-A300-1F6C2AA6F835} = {D4307876-3A12-4428-9987-B24397023D70}
		{6495213C-DE02-45C9-BE64-69C75313D5B6} = {E4D87B15-4F6C-4E04-BFEF-7CE3412F4B42}
	EndGlobalSection
	GlobalSection(ExtensibilityGlobals) = postSolution
		SolutionGuid = {743E3B73-8D47-4B6E-BB10-960DEBF143E2}
	EndGlobalSection
EndGlobal
